{
  "name": "my-awesome-project",
  "version": "1.0.0",
  "lockfileVersion": 1,
  "requires": true,
  "dependencies": {
    "bindings": {
      "version": "1.5.0",
      "resolved": "https://registry.npmjs.org/bindings/-/bindings-1.5.0.tgz",
      "integrity": "sha1-EDU8npRTNLwFEabZCzj7x8nFBN8=",
      "requires": {
        "file-uri-to-path": "1.0.0"
      }
    },
    "blynk-library": {
      "version": "0.5.4",
      "resolved": "https://registry.npmjs.org/blynk-library/-/blynk-library-0.5.4.tgz",
      "integrity": "sha1-/Gf7SQ4H+Sb4xJHuT90nbBHhUPU="
    },
    "epoll": {
      "version": "4.0.0",
      "resolved": "https://registry.npmjs.org/epoll/-/epoll-4.0.0.tgz",
      "integrity": "sha1-YKd1C8t62KeW+2aJMI5bXFO2qhs=",
      "requires": {
        "bindings": "1.5.0",
        "nan": "2.14.1"
      }
    },
    "file-uri-to-path": {
      "version": "1.0.0",
      "resolved": "https://registry.npmjs.org/file-uri-to-path/-/file-uri-to-path-1.0.0.tgz",
      "integrity": "sha1-VTp7hEb/b2hDWcRF8eN6BdrMM90="
    },
    "lodash.debounce": {
      "version": "4.0.8",
      "resolved": "https://registry.npmjs.org/lodash.debounce/-/lodash.debounce-4.0.8.tgz",
      "integrity": "sha1-gteb/zCmfEAF/9XiUVMArZyk168="
    },
    "nan": {
      "version": "2.14.1",
      "resolved": "https://registry.npmjs.org/nan/-/nan-2.14.1.tgz",
      "integrity": "sha1-174036MQW5FJTDFHCJMV7/iHSwE="
    },
    "node-addon-api": {
      "version": "1.7.2",
      "resolved": "https://registry.npmjs.org/node-addon-api/-/node-addon-api-1.7.2.tgz",
      "integrity": "sha512-ibPK3iA+vaY1eEjESkQkM0BbCqFOaZMiXRTtdB0u7b4djtY6JnsjvPdUHVMg6xQt3B8fpTTWHI9A+ADjM9frzg=="
    },
    "node-dht-sensor": {
      "version": "0.4.3",
      "resolved": "https://registry.npmjs.org/node-dht-sensor/-/node-dht-sensor-0.4.3.tgz",
      "integrity": "sha512-DMJO6UjWiDF3WP0qAgzPXDAAMAT0VVedFbtCUU/jynIRPO2Sa+2zwA3d7ySriha87Tccd4e+kiJoOxSc9BkSKw==",
      "requires": {
        "node-addon-api": "1.7.2"
      }
    },
    "onoff": {
      "version": "6.0.0",
      "resolved": "https://registry.npmjs.org/onoff/-/onoff-6.0.0.tgz",
      "integrity": "sha1-mJJYsIgeuIMQmqYxdaUiNJpwt9U=",
      "requires": {
        "epoll": "4.0.0",
        "lodash.debounce": "4.0.8"
      }
    }
  }
}
